// !$*UTF8*$!
{
	archiveVersion = 1;
	classes = {
	};
	objectVersion = 50;
	objects = {

/* Begin PBXBuildFile section */
		A4943F3A280A8500007E1B24 /* AppDelegate.swift in Sources */ = {isa = PBXBuildFile; fileRef = A4943F39280A8500007E1B24 /* AppDelegate.swift */; };
		A4943F3C280A8500007E1B24 /* ViewController.swift in Sources */ = {isa = PBXBuildFile; fileRef = A4943F3B280A8500007E1B24 /* ViewController.swift */; };
		A4943F3F280A8500007E1B24 /* Main.storyboard in Resources */ = {isa = PBXBuildFile; fileRef = A4943F3D280A8500007E1B24 /* Main.storyboard */; };
		A4943F41280A8502007E1B24 /* Assets.xcassets in Resources */ = {isa = PBXBuildFile; fileRef = A4943F40280A8502007E1B24 /* Assets.xcassets */; };
		A4943F44280A8502007E1B24 /* LaunchScreen.storyboard in Resources */ = {isa = PBXBuildFile; fileRef = A4943F42280A8502007E1B24 /* LaunchScreen.storyboard */; };
		DFD3766F589551DAD9657591 /* Pods_MakePlan.framework in Frameworks */ = {isa = PBXBuildFile; fileRef = E0606F057B1D919D87E250A8 /* Pods_MakePlan.framework */; };
/* End PBXBuildFile section */

/* Begin PBXFileReference section */
		440EE3A28CDC5B00378EB20E /* Pods-MakePlan.release.xcconfig */ = {isa = PBXFileReference; includeInIndex = 1; lastKnownFileType = text.xcconfig; name = "Pods-MakePlan.release.xcconfig"; path = "Target Support Files/Pods-MakePlan/Pods-MakePlan.release.xcconfig"; sourceTree = "<group>"; };
		A4943F36280A8500007E1B24 /* MakePlan.app */ = {isa = PBXFileReference; explicitFileType = wrapper.application; includeInIndex = 0; path = MakePlan.app; sourceTree = BUILT_PRODUCTS_DIR; };
		A4943F39280A8500007E1B24 /* AppDelegate.swift */ = {isa = PBXFileReference; lastKnownFileType = sourcecode.swift; path = AppDelegate.swift; sourceTree = "<group>"; };
		A4943F3B280A8500007E1B24 /* ViewController.swift */ = {isa = PBXFileReference; lastKnownFileType = sourcecode.swift; path = ViewController.swift; sourceTree = "<group>"; };
		A4943F3E280A8500007E1B24 /* Base */ = {isa = PBXFileReference; lastKnownFileType = file.storyboard; name = Base; path = Base.lproj/Main.storyboard; sourceTree = "<group>"; };
		A4943F40280A8502007E1B24 /* Assets.xcassets */ = {isa = PBXFileReference; lastKnownFileType = folder.assetcatalog; path = Assets.xcassets; sourceTree = "<group>"; };
		A4943F43280A8502007E1B24 /* Base */ = {isa = PBXFileReference; lastKnownFileType = file.storyboard; name = Base; path = Base.lproj/LaunchScreen.storyboard; sourceTree = "<group>"; };
		A4943F45280A8502007E1B24 /* Info.plist */ = {isa = PBXFileReference; lastKnownFileType = text.plist.xml; path = Info.plist; sourceTree = "<group>"; };
		E0606F057B1D919D87E250A8 /* Pods_MakePlan.framework */ = {isa = PBXFileReference; explicitFileType = wrapper.framework; includeInIndex = 0; path = Pods_MakePlan.framework; sourceTree = BUILT_PRODUCTS_DIR; };
		E31EC975F90FE4DDBA1646A0 /* Pods-MakePlan.debug.xcconfig */ = {isa = PBXFileReference; includeInIndex = 1; lastKnownFileType = text.xcconfig; name = "Pods-MakePlan.debug.xcconfig"; path = "Target Support Files/Pods-MakePlan/Pods-MakePlan.debug.xcconfig"; sourceTree = "<group>"; };
/* End PBXFileReference section */

/* Begin PBXFrameworksBuildPhase section */
		A4943F33280A8500007E1B24 /* Frameworks */ = {
			isa = PBXFrameworksBuildPhase;
			buildActionMask = 2147483647;
			files = (
				DFD3766F589551DAD9657591 /* Pods_MakePlan.framework in Frameworks */,
			);
			runOnlyForDeploymentPostprocessing = 0;
		};
/* End PBXFrameworksBuildPhase section */

/* Begin PBXGroup section */
		2580FAF56491AF78CA634C42 /* Frameworks */ = {
			isa = PBXGroup;
			children = (
				E0606F057B1D919D87E250A8 /* Pods_MakePlan.framework */,
			);
			name = Frameworks;
			sourceTree = "<group>";
		};
		A4943F2D280A8500007E1B24 = {
			isa = PBXGroup;
			children = (
				A4943F38280A8500007E1B24 /* MakePlan */,
				A4943F37280A8500007E1B24 /* Products */,
				D89AAA88168CE79FC51A4ECE /* Pods */,
				2580FAF56491AF78CA634C42 /* Frameworks */,
			);
			sourceTree = "<group>";
		};
		A4943F37280A8500007E1B24 /* Products */ = {
			isa = PBXGroup;
			children = (
				A4943F36280A8500007E1B24 /* MakePlan.app */,
			);
			name = Products;
			sourceTree = "<group>";
		};
		A4943F38280A8500007E1B24 /* MakePlan */ = {
			isa = PBXGroup;
			children = (
				A4FEA63C280ACAA700169903 /* Resource */,
				A4FEA63B280ACA8700169903 /* Application */,
				A4FEA639280ACA7500169903 /* Scenes */,
				A4943F45280A8502007E1B24 /* Info.plist */,
			);
			path = MakePlan;
			sourceTree = "<group>";
		};
		A4FEA639280ACA7500169903 /* Scenes */ = {
			isa = PBXGroup;
			children = (
				A4943F42280A8502007E1B24 /* LaunchScreen.storyboard */,
				A4FEA63A280ACA8000169903 /* Tabbar */,
			);
			path = Scenes;
			sourceTree = "<group>";
		};
		A4FEA63A280ACA8000169903 /* Tabbar */ = {
			isa = PBXGroup;
			children = (
				A4943F3B280A8500007E1B24 /* ViewController.swift */,
				A4943F3D280A8500007E1B24 /* Main.storyboard */,
			);
			path = Tabbar;
			sourceTree = "<group>";
		};
		A4FEA63B280ACA8700169903 /* Application */ = {
			isa = PBXGroup;
			children = (
				A4943F39280A8500007E1B24 /* AppDelegate.swift */,
			);
			path = Application;
			sourceTree = "<group>";
		};
		A4FEA63C280ACAA700169903 /* Resource */ = {
			isa = PBXGroup;
			children = (
				A4943F40280A8502007E1B24 /* Assets.xcassets */,
			);
			path = Resource;
			sourceTree = "<group>";
		};
		D89AAA88168CE79FC51A4ECE /* Pods */ = {
			isa = PBXGroup;
			children = (
				E31EC975F90FE4DDBA1646A0 /* Pods-MakePlan.debug.xcconfig */,
				440EE3A28CDC5B00378EB20E /* Pods-MakePlan.release.xcconfig */,
			);
			path = Pods;
			sourceTree = "<group>";
		};
/* End PBXGroup section */

/* Begin PBXNativeTarget section */
		A4943F35280A8500007E1B24 /* MakePlan */ = {
			isa = PBXNativeTarget;
			buildConfigurationList = A4943F48280A8502007E1B24 /* Build configuration list for PBXNativeTarget "MakePlan" */;
			buildPhases = (
				1564D1EB97C6773348DE278E /* [CP] Check Pods Manifest.lock */,
				A4943F32280A8500007E1B24 /* Sources */,
				A4943F33280A8500007E1B24 /* Frameworks */,
				A4943F34280A8500007E1B24 /* Resources */,
				A4943F4B280A87A5007E1B24 /* ShellScript */,
			);
			buildRules = (
			);
			dependencies = (
			);
			name = MakePlan;
			productName = MakePlan;
			productReference = A4943F36280A8500007E1B24 /* MakePlan.app */;
			productType = "com.apple.product-type.application";
		};
/* End PBXNativeTarget section */

/* Begin PBXProject section */
		A4943F2E280A8500007E1B24 /* Project object */ = {
			isa = PBXProject;
			attributes = {
				LastSwiftUpdateCheck = 1030;
				LastUpgradeCheck = 1030;
				ORGANIZATIONNAME = Sun;
				TargetAttributes = {
					A4943F35280A8500007E1B24 = {
						CreatedOnToolsVersion = 10.3;
					};
				};
			};
			buildConfigurationList = A4943F31280A8500007E1B24 /* Build configuration list for PBXProject "MakePlan" */;
			compatibilityVersion = "Xcode 9.3";
			developmentRegion = en;
			hasScannedForEncodings = 0;
			knownRegions = (
				en,
				Base,
			);
			mainGroup = A4943F2D280A8500007E1B24;
			productRefGroup = A4943F37280A8500007E1B24 /* Products */;
			projectDirPath = "";
			projectRoot = "";
			targets = (
				A4943F35280A8500007E1B24 /* MakePlan */,
			);
		};
/* End PBXProject section */

/* Begin PBXResourcesBuildPhase section */
		A4943F34280A8500007E1B24 /* Resources */ = {
			isa = PBXResourcesBuildPhase;
			buildActionMask = 2147483647;
			files = (
				A4943F44280A8502007E1B24 /* LaunchScreen.storyboard in Resources */,
				A4943F41280A8502007E1B24 /* Assets.xcassets in Resources */,
				A4943F3F280A8500007E1B24 /* Main.storyboard in Resources */,
			);
			runOnlyForDeploymentPostprocessing = 0;
		};
/* End PBXResourcesBuildPhase section */

/* Begin PBXShellScriptBuildPhase section */
		1564D1EB97C6773348DE278E /* [CP] Check Pods Manifest.lock */ = {
			isa = PBXShellScriptBuildPhase;
			buildActionMask = 2147483647;
			files = (
			);
			inputFileListPaths = (
			);
			inputPaths = (
				"${PODS_PODFILE_DIR_PATH}/Podfile.lock",
				"${PODS_ROOT}/Manifest.lock",
			);
			name = "[CP] Check Pods Manifest.lock";
			outputFileListPaths = (
			);
			outputPaths = (
				"$(DERIVED_FILE_DIR)/Pods-MakePlan-checkManifestLockResult.txt",
			);
			runOnlyForDeploymentPostprocessing = 0;
			shellPath = /bin/sh;
			shellScript = "diff \"${PODS_PODFILE_DIR_PATH}/Podfile.lock\" \"${PODS_ROOT}/Manifest.lock\" > /dev/null\nif [ $? != 0 ] ; then\n    # print error to STDERR\n    echo \"error: The sandbox is not in sync with the Podfile.lock. Run 'pod install' or update your CocoaPods installation.\" >&2\n    exit 1\nfi\n# This output is used by Xcode 'outputs' to avoid re-running this script phase.\necho \"SUCCESS\" > \"${SCRIPT_OUTPUT_FILE_0}\"\n";
			showEnvVarsInLog = 0;
		};
		A4943F4B280A87A5007E1B24 /* ShellScript */ = {
			isa = PBXShellScriptBuildPhase;
			buildActionMask = 2147483647;
			files = (
			);
			inputFileListPaths = (
			);
			inputPaths = (
			);
			outputFileListPaths = (
			);
			outputPaths = (
			);
			runOnlyForDeploymentPostprocessing = 0;
			shellPath = /bin/sh;
			shellScript = "if which swiftlint >/dev/null; then\nswiftlint\nelse\necho \"warning: SwiftLint not installed, download from https://github.com/realm/SwiftLint\"\nfi\n";
		};
/* End PBXShellScriptBuildPhase section */

/* Begin PBXSourcesBuildPhase section */
		A4943F32280A8500007E1B24 /* Sources */ = {
			isa = PBXSourcesBuildPhase;
			buildActionMask = 2147483647;
			files = (
				A4943F3C280A8500007E1B24 /* ViewController.swift in Sources */,
				A4943F3A280A8500007E1B24 /* AppDelegate.swift in Sources */,
			);
			runOnlyForDeploymentPostprocessing = 0;
		};
/* End PBXSourcesBuildPhase section */

/* Begin PBXVariantGroup section */
		A4943F3D280A8500007E1B24 /* Main.storyboard */ = {
			isa = PBXVariantGroup;
			children = (
				A4943F3E280A8500007E1B24 /* Base */,
			);
			name = Main.storyboard;
			sourceTree = "<group>";
		};
		A4943F42280A8502007E1B24 /* LaunchScreen.storyboard */ = {
			isa = PBXVariantGroup;
			children = (
				A4943F43280A8502007E1B24 /* Base */,
			);
			name = LaunchScreen.storyboard;
			sourceTree = "<group>";
		};
/* End PBXVariantGroup section */

/* Begin XCBuildConfiguration section */
		A4943F46280A8502007E1B24 /* Debug */ = {
			isa = XCBuildConfiguration;
			buildSettings = {
				ALWAYS_SEARCH_USER_PATHS = NO;
				CLANG_ANALYZER_NONNULL = YES;
				CLANG_ANALYZER_NUMBER_OBJECT_CONVERSION = YES_AGGRESSIVE;
				CLANG_CXX_LANGUAGE_STANDARD = "gnu++14";
				CLANG_CXX_LIBRARY = "libc++";
				CLANG_ENABLE_MODULES = YES;
				CLANG_ENABLE_OBJC_ARC = YES;
				CLANG_ENABLE_OBJC_WEAK = YES;
				CLANG_WARN_BLOCK_CAPTURE_AUTORELEASING = YES;
				CLANG_WARN_BOOL_CONVERSION = YES;
				CLANG_WARN_COMMA = YES;
				CLANG_WARN_CONSTANT_CONVERSION = YES;
				CLANG_WARN_DEPRECATED_OBJC_IMPLEMENTATIONS = YES;
				CLANG_WARN_DIRECT_OBJC_ISA_USAGE = YES_ERROR;
				CLANG_WARN_DOCUMENTATION_COMMENTS = YES;
				CLANG_WARN_EMPTY_BODY = YES;
				CLANG_WARN_ENUM_CONVERSION = YES;
				CLANG_WARN_INFINITE_RECURSION = YES;
				CLANG_WARN_INT_CONVERSION = YES;
				CLANG_WARN_NON_LITERAL_NULL_CONVERSION = YES;
				CLANG_WARN_OBJC_IMPLICIT_RETAIN_SELF = YES;
				CLANG_WARN_OBJC_LITERAL_CONVERSION = YES;
				CLANG_WARN_OBJC_ROOT_CLASS = YES_ERROR;
				CLANG_WARN_RANGE_LOOP_ANALYSIS = YES;
				CLANG_WARN_STRICT_PROTOTYPES = YES;
				CLANG_WARN_SUSPICIOUS_MOVE = YES;
				CLANG_WARN_UNGUARDED_AVAILABILITY = YES_AGGRESSIVE;
				CLANG_WARN_UNREACHABLE_CODE = YES;
				CLANG_WARN__DUPLICATE_METHOD_MATCH = YES;
				CODE_SIGN_IDENTITY = "iPhone Developer";
				COPY_PHASE_STRIP = NO;
				DEBUG_INFORMATION_FORMAT = dwarf;
				ENABLE_STRICT_OBJC_MSGSEND = YES;
				ENABLE_TESTABILITY = YES;
				GCC_C_LANGUAGE_STANDARD = gnu11;
				GCC_DYNAMIC_NO_PIC = NO;
				GCC_NO_COMMON_BLOCKS = YES;
				GCC_OPTIMIZATION_LEVEL = 0;
				GCC_PREPROCESSOR_DEFINITIONS = (
					"DEBUG=1",
					"$(inherited)",
				);
				GCC_WARN_64_TO_32_BIT_CONVERSION = YES;
				GCC_WARN_ABOUT_RETURN_TYPE = YES_ERROR;
				GCC_WARN_UNDECLARED_SELECTOR = YES;
				GCC_WARN_UNINITIALIZED_AUTOS = YES_AGGRESSIVE;
				GCC_WARN_UNUSED_FUNCTION = YES;
				GCC_WARN_UNUSED_VARIABLE = YES;
				IPHONEOS_DEPLOYMENT_TARGET = 12.4;
				MTL_ENABLE_DEBUG_INFO = INCLUDE_SOURCE;
				MTL_FAST_MATH = YES;
				ONLY_ACTIVE_ARCH = YES;
				SDKROOT = iphoneos;
				SWIFT_ACTIVE_COMPILATION_CONDITIONS = DEBUG;
				SWIFT_OPTIMIZATION_LEVEL = "-Onone";
			};
			name = Debug;
		};
		A4943F47280A8502007E1B24 /* Release */ = {
			isa = XCBuildConfiguration;
			buildSettings = {
				ALWAYS_SEARCH_USER_PATHS = NO;
				CLANG_ANALYZER_NONNULL = YES;
				CLANG_ANALYZER_NUMBER_OBJECT_CONVERSION = YES_AGGRESSIVE;
				CLANG_CXX_LANGUAGE_STANDARD = "gnu++14";
				CLANG_CXX_LIBRARY = "libc++";
				CLANG_ENABLE_MODULES = YES;
				CLANG_ENABLE_OBJC_ARC = YES;
				CLANG_ENABLE_OBJC_WEAK = YES;
				CLANG_WARN_BLOCK_CAPTURE_AUTORELEASING = YES;
				CLANG_WARN_BOOL_CONVERSION = YES;
				CLANG_WARN_COMMA = YES;
				CLANG_WARN_CONSTANT_CONVERSION = YES;
				CLANG_WARN_DEPRECATED_OBJC_IMPLEMENTATIONS = YES;
				CLANG_WARN_DIRECT_OBJC_ISA_USAGE = YES_ERROR;
				CLANG_WARN_DOCUMENTATION_COMMENTS = YES;
				CLANG_WARN_EMPTY_BODY = YES;
				CLANG_WARN_ENUM_CONVERSION = YES;
				CLANG_WARN_INFINITE_RECURSION = YES;
				CLANG_WARN_INT_CONVERSION = YES;
				CLANG_WARN_NON_LITERAL_NULL_CONVERSION = YES;
				CLANG_WARN_OBJC_IMPLICIT_RETAIN_SELF = YES;
				CLANG_WARN_OBJC_LITERAL_CONVERSION = YES;
				CLANG_WARN_OBJC_ROOT_CLASS = YES_ERROR;
				CLANG_WARN_RANGE_LOOP_ANALYSIS = YES;
				CLANG_WARN_STRICT_PROTOTYPES = YES;
				CLANG_WARN_SUSPICIOUS_MOVE = YES;
				CLANG_WARN_UNGUARDED_AVAILABILITY = YES_AGGRESSIVE;
				CLANG_WARN_UNREACHABLE_CODE = YES;
				CLANG_WARN__DUPLICATE_METHOD_MATCH = YES;
				CODE_SIGN_IDENTITY = "iPhone Developer";
				COPY_PHASE_STRIP = NO;
				DEBUG_INFORMATION_FORMAT = "dwarf-with-dsym";
				ENABLE_NS_ASSERTIONS = NO;
				ENABLE_STRICT_OBJC_MSGSEND = YES;
				GCC_C_LANGUAGE_STANDARD = gnu11;
				GCC_NO_COMMON_BLOCKS = YES;
				GCC_WARN_64_TO_32_BIT_CONVERSION = YES;
				GCC_WARN_ABOUT_RETURN_TYPE = YES_ERROR;
				GCC_WARN_UNDECLARED_SELECTOR = YES;
				GCC_WARN_UNINITIALIZED_AUTOS = YES_AGGRESSIVE;
				GCC_WARN_UNUSED_FUNCTION = YES;
				GCC_WARN_UNUSED_VARIABLE = YES;
				IPHONEOS_DEPLOYMENT_TARGET = 12.4;
				MTL_ENABLE_DEBUG_INFO = NO;
				MTL_FAST_MATH = YES;
				SDKROOT = iphoneos;
				SWIFT_COMPILATION_MODE = wholemodule;
				SWIFT_OPTIMIZATION_LEVEL = "-O";
				VALIDATE_PRODUCT = YES;
			};
			name = Release;
		};
		A4943F49280A8502007E1B24 /* Debug */ = {
			isa = XCBuildConfiguration;
			baseConfigurationReference = E31EC975F90FE4DDBA1646A0 /* Pods-MakePlan.debug.xcconfig */;
			buildSettings = {
				ASSETCATALOG_COMPILER_APPICON_NAME = AppIcon;
				CODE_SIGN_STYLE = Automatic;
				DEVELOPMENT_TEAM = GCAT449K7M;
				INFOPLIST_FILE = MakePlan/Info.plist;
				LD_RUNPATH_SEARCH_PATHS = (
					"$(inherited)",
					"@executable_path/Frameworks",
				);
				PRODUCT_BUNDLE_IDENTIFIER = IOS.MakePlan;
				PRODUCT_NAME = "$(TARGET_NAME)";
				SWIFT_VERSION = 5.0;
				TARGETED_DEVICE_FAMILY = "1,2";
			};
			name = Debug;
		};
		A4943F4A280A8502007E1B24 /* Release */ = {
			isa = XCBuildConfiguration;
			baseConfigurationReference = 440EE3A28CDC5B00378EB20E /* Pods-MakePlan.release.xcconfig */;
			buildSettings = {
				ASSETCATALOG_COMPILER_APPICON_NAME = AppIcon;
				CODE_SIGN_STYLE = Automatic;
				DEVELOPMENT_TEAM = GCAT449K7M;
				INFOPLIST_FILE = MakePlan/Info.plist;
				LD_RUNPATH_SEARCH_PATHS = (
					"$(inherited)",
					"@executable_path/Frameworks",
				);
				PRODUCT_BUNDLE_IDENTIFIER = IOS.MakePlan;
				PRODUCT_NAME = "$(TARGET_NAME)";
				SWIFT_VERSION = 5.0;
				TARGETED_DEVICE_FAMILY = "1,2";
			};
			name = Release;
		};
/* End XCBuildConfiguration section */

/* Begin XCConfigurationList section */
		A4943F31280A8500007E1B24 /* Build configuration list for PBXProject "MakePlan" */ = {
			isa = XCConfigurationList;
			buildConfigurations = (
				A4943F46280A8502007E1B24 /* Debug */,
				A4943F47280A8502007E1B24 /* Release */,
			);
			defaultConfigurationIsVisible = 0;
			defaultConfigurationName = Release;
		};
		A4943F48280A8502007E1B24 /* Build configuration list for PBXNativeTarget "MakePlan" */ = {
			isa = XCConfigurationList;
			buildConfigurations = (
				A4943F49280A8502007E1B24 /* Debug */,
				A4943F4A280A8502007E1B24 /* Release */,
			);
			defaultConfigurationIsVisible = 0;
			defaultConfigurationName = Release;
		};
/* End XCConfigurationList section */
	};
	rootObject = A4943F2E280A8500007E1B24 /* Project object */;
}
